
Microsoft Visual Studio Solution File, Format Version 12.00
# Visual Studio Version 17
VisualStudioVersion = 17.9.34728.123
MinimumVisualStudioVersion = 10.0.40219.1
Project("{FAE04EC0-301F-11D3-BF4B-00C04F79EFBC}") = "HealMe", "HealMe\HealMe.csproj", "{31310830-A170-4CF5-B2A8-64B4CAF70B34}"
EndProject
Global
	GlobalSection(SolutionConfigurationPlatforms) = preSolution
		Debug|Any CPU = Debug|Any CPU
		Release|Any CPU = Release|Any CPU
	EndGlobalSection
	GlobalSection(ProjectConfigurationPlatforms) = postSolution
		{31310830-A170-4CF5-B2A8-64B4CAF70B34}.Debug|Any CPU.ActiveCfg = Debug|Any CPU
		{31310830-A170-4CF5-B2A8-64B4CAF70B34}.Debug|Any CPU.Build.0 = Debug|Any CPU
		{31310830-A170-4CF5-B2A8-64B4CAF70B34}.Release|Any CPU.ActiveCfg = Release|Any CPU
		{31310830-A170-4CF5-B2A8-64B4CAF70B34}.Release|Any CPU.Build.0 = Release|Any CPU
	EndGlobalSection
	GlobalSection(SolutionProperties) = preSolution
		HideSolutionNode = FALSE
	EndGlobalSection
	GlobalSection(ExtensibilityGlobals) = postSolution
		SolutionGuid = {B5C15911-63CF-40A0-A2D0-DD4077E953E5}
	EndGlobalSection
EndGlobal
